
Microsoft Visual Studio Solution File, Format Version 12.00
# Visual Studio Version 16
VisualStudioVersion = 16.0.29009.5
MinimumVisualStudioVersion = 10.0.40219.1
Project("{FAE04EC0-301F-11D3-BF4B-00C04F79EFBC}") = "SignalRGreeter", "SignalRGreeter\SignalRGreeter.csproj", "{B61A65F9-2939-4C85-9446-FD003656B40E}"
EndProject
Global
	GlobalSection(SolutionConfigurationPlatforms) = preSolution
		Debug|Any CPU = Debug|Any CPU
		Release|Any CPU = Release|Any CPU
	EndGlobalSection
	GlobalSection(ProjectConfigurationPlatforms) = postSolution
		{B61A65F9-2939-4C85-9446-FD003656B40E}.Debug|Any CPU.ActiveCfg = Debug|Any CPU
		{B61A65F9-2939-4C85-9446-FD003656B40E}.Debug|Any CPU.Build.0 = Debug|Any CPU
		{B61A65F9-2939-4C85-9446-FD003656B40E}.Release|Any CPU.ActiveCfg = Release|Any CPU
		{B61A65F9-2939-4C85-9446-FD003656B40E}.Release|Any CPU.Build.0 = Release|Any CPU
	EndGlobalSection
	GlobalSection(SolutionProperties) = preSolution
		HideSolutionNode = FALSE
	EndGlobalSection
	GlobalSection(ExtensibilityGlobals) = postSolution
		SolutionGuid = {C9D01F24-499C-417B-98D2-D5518E7A030A}
	EndGlobalSection
EndGlobal
